// !$*UTF8*$!
{
	archiveVersion = 1;
	classes = {
	};
	objectVersion = 48;
	objects = {

/* Begin PBXBuildFile section */
		A7F9F2B8204358E300DE1BE6 /* AppDelegate.swift in Sources */ = {isa = PBXBuildFile; fileRef = A7F9F2B7204358E300DE1BE6 /* AppDelegate.swift */; };
		A7F9F2BA204358E300DE1BE6 /* ViewController.swift in Sources */ = {isa = PBXBuildFile; fileRef = A7F9F2B9204358E300DE1BE6 /* ViewController.swift */; };
		A7F9F2BD204358E300DE1BE6 /* Main.storyboard in Resources */ = {isa = PBXBuildFile; fileRef = A7F9F2BB204358E300DE1BE6 /* Main.storyboard */; };
		A7F9F2BF204358E300DE1BE6 /* Assets.xcassets in Resources */ = {isa = PBXBuildFile; fileRef = A7F9F2BE204358E300DE1BE6 /* Assets.xcassets */; };
		A7F9F2C2204358E300DE1BE6 /* LaunchScreen.storyboard in Resources */ = {isa = PBXBuildFile; fileRef = A7F9F2C0204358E300DE1BE6 /* LaunchScreen.storyboard */; };
		A7F9F2CD204358E300DE1BE6 /* PickersTests.swift in Sources */ = {isa = PBXBuildFile; fileRef = A7F9F2CC204358E300DE1BE6 /* PickersTests.swift */; };
		A7F9F2D8204358E300DE1BE6 /* PickersUITests.swift in Sources */ = {isa = PBXBuildFile; fileRef = A7F9F2D7204358E300DE1BE6 /* PickersUITests.swift */; };
		A7F9F2E62043593400DE1BE6 /* DatePickerViewController.swift in Sources */ = {isa = PBXBuildFile; fileRef = A7F9F2E52043593400DE1BE6 /* DatePickerViewController.swift */; };
		A7F9F2E8204359C300DE1BE6 /* SingleComponentPickerViewController.swift in Sources */ = {isa = PBXBuildFile; fileRef = A7F9F2E7204359C300DE1BE6 /* SingleComponentPickerViewController.swift */; };
		A7F9F2EA204359E000DE1BE6 /* DoubleComponentPickerViewController.swift in Sources */ = {isa = PBXBuildFile; fileRef = A7F9F2E9204359E000DE1BE6 /* DoubleComponentPickerViewController.swift */; };
		A7F9F2EC204359F600DE1BE6 /* DependentComponentPickerViewController.swift in Sources */ = {isa = PBXBuildFile; fileRef = A7F9F2EB204359F600DE1BE6 /* DependentComponentPickerViewController.swift */; };
		A7F9F2EE20435A0E00DE1BE6 /* CustomPickerViewController.swift in Sources */ = {isa = PBXBuildFile; fileRef = A7F9F2ED20435A0E00DE1BE6 /* CustomPickerViewController.swift */; };
/* End PBXBuildFile section */

/* Begin PBXContainerItemProxy section */
		A7F9F2C9204358E300DE1BE6 /* PBXContainerItemProxy */ = {
			isa = PBXContainerItemProxy;
			containerPortal = A7F9F2AC204358E300DE1BE6 /* Project object */;
			proxyType = 1;
			remoteGlobalIDString = A7F9F2B3204358E300DE1BE6;
			remoteInfo = Pickers;
		};
		A7F9F2D4204358E300DE1BE6 /* PBXContainerItemProxy */ = {
			isa = PBXContainerItemProxy;
			containerPortal = A7F9F2AC204358E300DE1BE6 /* Project object */;
			proxyType = 1;
			remoteGlobalIDString = A7F9F2B3204358E300DE1BE6;
			remoteInfo = Pickers;
		};
/* End PBXContainerItemProxy section */

/* Begin PBXFileReference section */
		A7F9F2B4204358E300DE1BE6 /* Pickers.app */ = {isa = PBXFileReference; explicitFileType = wrapper.application; includeInIndex = 0; path = Pickers.app; sourceTree = BUILT_PRODUCTS_DIR; };
		A7F9F2B7204358E300DE1BE6 /* AppDelegate.swift */ = {isa = PBXFileReference; lastKnownFileType = sourcecode.swift; path = AppDelegate.swift; sourceTree = "<group>"; };
		A7F9F2B9204358E300DE1BE6 /* ViewController.swift */ = {isa = PBXFileReference; lastKnownFileType = sourcecode.swift; path = ViewController.swift; sourceTree = "<group>"; };
		A7F9F2BC204358E300DE1BE6 /* Base */ = {isa = PBXFileReference; lastKnownFileType = file.storyboard; name = Base; path = Base.lproj/Main.storyboard; sourceTree = "<group>"; };
		A7F9F2BE204358E300DE1BE6 /* Assets.xcassets */ = {isa = PBXFileReference; lastKnownFileType = folder.assetcatalog; path = Assets.xcassets; sourceTree = "<group>"; };
		A7F9F2C1204358E300DE1BE6 /* Base */ = {isa = PBXFileReference; lastKnownFileType = file.storyboard; name = Base; path = Base.lproj/LaunchScreen.storyboard; sourceTree = "<group>"; };
		A7F9F2C3204358E300DE1BE6 /* Info.plist */ = {isa = PBXFileReference; lastKnownFileType = text.plist.xml; path = Info.plist; sourceTree = "<group>"; };
		A7F9F2C8204358E300DE1BE6 /* PickersTests.xctest */ = {isa = PBXFileReference; explicitFileType = wrapper.cfbundle; includeInIndex = 0; path = PickersTests.xctest; sourceTree = BUILT_PRODUCTS_DIR; };
		A7F9F2CC204358E300DE1BE6 /* PickersTests.swift */ = {isa = PBXFileReference; lastKnownFileType = sourcecode.swift; path = PickersTests.swift; sourceTree = "<group>"; };
		A7F9F2CE204358E300DE1BE6 /* Info.plist */ = {isa = PBXFileReference; lastKnownFileType = text.plist.xml; path = Info.plist; sourceTree = "<group>"; };
		A7F9F2D3204358E300DE1BE6 /* PickersUITests.xctest */ = {isa = PBXFileReference; explicitFileType = wrapper.cfbundle; includeInIndex = 0; path = PickersUITests.xctest; sourceTree = BUILT_PRODUCTS_DIR; };
		A7F9F2D7204358E300DE1BE6 /* PickersUITests.swift */ = {isa = PBXFileReference; lastKnownFileType = sourcecode.swift; path = PickersUITests.swift; sourceTree = "<group>"; };
		A7F9F2D9204358E300DE1BE6 /* Info.plist */ = {isa = PBXFileReference; lastKnownFileType = text.plist.xml; path = Info.plist; sourceTree = "<group>"; };
		A7F9F2E52043593400DE1BE6 /* DatePickerViewController.swift */ = {isa = PBXFileReference; lastKnownFileType = sourcecode.swift; path = DatePickerViewController.swift; sourceTree = "<group>"; };
		A7F9F2E7204359C300DE1BE6 /* SingleComponentPickerViewController.swift */ = {isa = PBXFileReference; lastKnownFileType = sourcecode.swift; path = SingleComponentPickerViewController.swift; sourceTree = "<group>"; };
		A7F9F2E9204359E000DE1BE6 /* DoubleComponentPickerViewController.swift */ = {isa = PBXFileReference; lastKnownFileType = sourcecode.swift; path = DoubleComponentPickerViewController.swift; sourceTree = "<group>"; };
		A7F9F2EB204359F600DE1BE6 /* DependentComponentPickerViewController.swift */ = {isa = PBXFileReference; lastKnownFileType = sourcecode.swift; path = DependentComponentPickerViewController.swift; sourceTree = "<group>"; };
		A7F9F2ED20435A0E00DE1BE6 /* CustomPickerViewController.swift */ = {isa = PBXFileReference; lastKnownFileType = sourcecode.swift; path = CustomPickerViewController.swift; sourceTree = "<group>"; };
/* End PBXFileReference section */

/* Begin PBXFrameworksBuildPhase section */
		A7F9F2B1204358E300DE1BE6 /* Frameworks */ = {
			isa = PBXFrameworksBuildPhase;
			buildActionMask = 2147483647;
			files = (
			);
			runOnlyForDeploymentPostprocessing = 0;
		};
		A7F9F2C5204358E300DE1BE6 /* Frameworks */ = {
			isa = PBXFrameworksBuildPhase;
			buildActionMask = 2147483647;
			files = (
			);
			runOnlyForDeploymentPostprocessing = 0;
		};
		A7F9F2D0204358E300DE1BE6 /* Frameworks */ = {
			isa = PBXFrameworksBuildPhase;
			buildActionMask = 2147483647;
			files = (
			);
			runOnlyForDeploymentPostprocessing = 0;
		};
/* End PBXFrameworksBuildPhase section */

/* Begin PBXGroup section */
		A7F9F2AB204358E300DE1BE6 = {
			isa = PBXGroup;
			children = (
				A7F9F2B6204358E300DE1BE6 /* Pickers */,
				A7F9F2CB204358E300DE1BE6 /* PickersTests */,
				A7F9F2D6204358E300DE1BE6 /* PickersUITests */,
				A7F9F2B5204358E300DE1BE6 /* Products */,
			);
			sourceTree = "<group>";
		};
		A7F9F2B5204358E300DE1BE6 /* Products */ = {
			isa = PBXGroup;
			children = (
				A7F9F2B4204358E300DE1BE6 /* Pickers.app */,
				A7F9F2C8204358E300DE1BE6 /* PickersTests.xctest */,
				A7F9F2D3204358E300DE1BE6 /* PickersUITests.xctest */,
			);
			name = Products;
			sourceTree = "<group>";
		};
		A7F9F2B6204358E300DE1BE6 /* Pickers */ = {
			isa = PBXGroup;
			children = (
				A7F9F2B7204358E300DE1BE6 /* AppDelegate.swift */,
				A7F9F2B9204358E300DE1BE6 /* ViewController.swift */,
				A7F9F2BB204358E300DE1BE6 /* Main.storyboard */,
				A7F9F2BE204358E300DE1BE6 /* Assets.xcassets */,
				A7F9F2C0204358E300DE1BE6 /* LaunchScreen.storyboard */,
				A7F9F2C3204358E300DE1BE6 /* Info.plist */,
				A7F9F2E52043593400DE1BE6 /* DatePickerViewController.swift */,
				A7F9F2E7204359C300DE1BE6 /* SingleComponentPickerViewController.swift */,
				A7F9F2E9204359E000DE1BE6 /* DoubleComponentPickerViewController.swift */,
				A7F9F2EB204359F600DE1BE6 /* DependentComponentPickerViewController.swift */,
				A7F9F2ED20435A0E00DE1BE6 /* CustomPickerViewController.swift */,
			);
			path = Pickers;
			sourceTree = "<group>";
		};
		A7F9F2CB204358E300DE1BE6 /* PickersTests */ = {
			isa = PBXGroup;
			children = (
				A7F9F2CC204358E300DE1BE6 /* PickersTests.swift */,
				A7F9F2CE204358E300DE1BE6 /* Info.plist */,
			);
			path = PickersTests;
			sourceTree = "<group>";
		};
		A7F9F2D6204358E300DE1BE6 /* PickersUITests */ = {
			isa = PBXGroup;
			children = (
				A7F9F2D7204358E300DE1BE6 /* PickersUITests.swift */,
				A7F9F2D9204358E300DE1BE6 /* Info.plist */,
			);
			path = PickersUITests;
			sourceTree = "<group>";
		};
/* End PBXGroup section */

/* Begin PBXNativeTarget section */
		A7F9F2B3204358E300DE1BE6 /* Pickers */ = {
			isa = PBXNativeTarget;
			buildConfigurationList = A7F9F2DC204358E300DE1BE6 /* Build configuration list for PBXNativeTarget "Pickers" */;
			buildPhases = (
				A7F9F2B0204358E300DE1BE6 /* Sources */,
				A7F9F2B1204358E300DE1BE6 /* Frameworks */,
				A7F9F2B2204358E300DE1BE6 /* Resources */,
			);
			buildRules = (
			);
			dependencies = (
			);
			name = Pickers;
			productName = Pickers;
			productReference = A7F9F2B4204358E300DE1BE6 /* Pickers.app */;
			productType = "com.apple.product-type.application";
		};
		A7F9F2C7204358E300DE1BE6 /* PickersTests */ = {
			isa = PBXNativeTarget;
			buildConfigurationList = A7F9F2DF204358E300DE1BE6 /* Build configuration list for PBXNativeTarget "PickersTests" */;
			buildPhases = (
				A7F9F2C4204358E300DE1BE6 /* Sources */,
				A7F9F2C5204358E300DE1BE6 /* Frameworks */,
				A7F9F2C6204358E300DE1BE6 /* Resources */,
			);
			buildRules = (
			);
			dependencies = (
				A7F9F2CA204358E300DE1BE6 /* PBXTargetDependency */,
			);
			name = PickersTests;
			productName = PickersTests;
			productReference = A7F9F2C8204358E300DE1BE6 /* PickersTests.xctest */;
			productType = "com.apple.product-type.bundle.unit-test";
		};
		A7F9F2D2204358E300DE1BE6 /* PickersUITests */ = {
			isa = PBXNativeTarget;
			buildConfigurationList = A7F9F2E2204358E300DE1BE6 /* Build configuration list for PBXNativeTarget "PickersUITests" */;
			buildPhases = (
				A7F9F2CF204358E300DE1BE6 /* Sources */,
				A7F9F2D0204358E300DE1BE6 /* Frameworks */,
				A7F9F2D1204358E300DE1BE6 /* Resources */,
			);
			buildRules = (
			);
			dependencies = (
				A7F9F2D5204358E300DE1BE6 /* PBXTargetDependency */,
			);
			name = PickersUITests;
			productName = PickersUITests;
			productReference = A7F9F2D3204358E300DE1BE6 /* PickersUITests.xctest */;
			productType = "com.apple.product-type.bundle.ui-testing";
		};
/* End PBXNativeTarget section */

/* Begin PBXProject section */
		A7F9F2AC204358E300DE1BE6 /* Project object */ = {
			isa = PBXProject;
			attributes = {
				LastSwiftUpdateCheck = 0920;
				LastUpgradeCheck = 0920;
				ORGANIZATIONNAME = "Black Kobold Games";
				TargetAttributes = {
					A7F9F2B3204358E300DE1BE6 = {
						CreatedOnToolsVersion = 9.2;
						ProvisioningStyle = Automatic;
					};
					A7F9F2C7204358E300DE1BE6 = {
						CreatedOnToolsVersion = 9.2;
						ProvisioningStyle = Automatic;
						TestTargetID = A7F9F2B3204358E300DE1BE6;
					};
					A7F9F2D2204358E300DE1BE6 = {
						CreatedOnToolsVersion = 9.2;
						ProvisioningStyle = Automatic;
						TestTargetID = A7F9F2B3204358E300DE1BE6;
					};
				};
			};
			buildConfigurationList = A7F9F2AF204358E300DE1BE6 /* Build configuration list for PBXProject "Pickers" */;
			compatibilityVersion = "Xcode 8.0";
			developmentRegion = en;
			hasScannedForEncodings = 0;
			knownRegions = (
				en,
				Base,
			);
			mainGroup = A7F9F2AB204358E300DE1BE6;
			productRefGroup = A7F9F2B5204358E300DE1BE6 /* Products */;
			projectDirPath = "";
			projectRoot = "";
			targets = (
				A7F9F2B3204358E300DE1BE6 /* Pickers */,
				A7F9F2C7204358E300DE1BE6 /* PickersTests */,
				A7F9F2D2204358E300DE1BE6 /* PickersUITests */,
			);
		};
/* End PBXProject section */

/* Begin PBXResourcesBuildPhase section */
		A7F9F2B2204358E300DE1BE6 /* Resources */ = {
			isa = PBXResourcesBuildPhase;
			buildActionMask = 2147483647;
			files = (
				A7F9F2C2204358E300DE1BE6 /* LaunchScreen.storyboard in Resources */,
				A7F9F2BF204358E300DE1BE6 /* Assets.xcassets in Resources */,
				A7F9F2BD204358E300DE1BE6 /* Main.storyboard in Resources */,
			);
			runOnlyForDeploymentPostprocessing = 0;
		};
		A7F9F2C6204358E300DE1BE6 /* Resources */ = {
			isa = PBXResourcesBuildPhase;
			buildActionMask = 2147483647;
			files = (
			);
			runOnlyForDeploymentPostprocessing = 0;
		};
		A7F9F2D1204358E300DE1BE6 /* Resources */ = {
			isa = PBXResourcesBuildPhase;
			buildActionMask = 2147483647;
			files = (
			);
			runOnlyForDeploymentPostprocessing = 0;
		};
/* End PBXResourcesBuildPhase section */

/* Begin PBXSourcesBuildPhase section */
		A7F9F2B0204358E300DE1BE6 /* Sources */ = {
			isa = PBXSourcesBuildPhase;
			buildActionMask = 2147483647;
			files = (
				A7F9F2BA204358E300DE1BE6 /* ViewController.swift in Sources */,
				A7F9F2B8204358E300DE1BE6 /* AppDelegate.swift in Sources */,
				A7F9F2EC204359F600DE1BE6 /* DependentComponentPickerViewController.swift in Sources */,
				A7F9F2EA204359E000DE1BE6 /* DoubleComponentPickerViewController.swift in Sources */,
				A7F9F2EE20435A0E00DE1BE6 /* CustomPickerViewController.swift in Sources */,
				A7F9F2E8204359C300DE1BE6 /* SingleComponentPickerViewController.swift in Sources */,
				A7F9F2E62043593400DE1BE6 /* DatePickerViewController.swift in Sources */,
			);
			runOnlyForDeploymentPostprocessing = 0;
		};
		A7F9F2C4204358E300DE1BE6 /* Sources */ = {
			isa = PBXSourcesBuildPhase;
			buildActionMask = 2147483647;
			files = (
				A7F9F2CD204358E300DE1BE6 /* PickersTests.swift in Sources */,
			);
			runOnlyForDeploymentPostprocessing = 0;
		};
		A7F9F2CF204358E300DE1BE6 /* Sources */ = {
			isa = PBXSourcesBuildPhase;
			buildActionMask = 2147483647;
			files = (
				A7F9F2D8204358E300DE1BE6 /* PickersUITests.swift in Sources */,
			);
			runOnlyForDeploymentPostprocessing = 0;
		};
/* End PBXSourcesBuildPhase section */

/* Begin PBXTargetDependency section */
		A7F9F2CA204358E300DE1BE6 /* PBXTargetDependency */ = {
			isa = PBXTargetDependency;
			target = A7F9F2B3204358E300DE1BE6 /* Pickers */;
			targetProxy = A7F9F2C9204358E300DE1BE6 /* PBXContainerItemProxy */;
		};
		A7F9F2D5204358E300DE1BE6 /* PBXTargetDependency */ = {
			isa = PBXTargetDependency;
			target = A7F9F2B3204358E300DE1BE6 /* Pickers */;
			targetProxy = A7F9F2D4204358E300DE1BE6 /* PBXContainerItemProxy */;
		};
/* End PBXTargetDependency section */

/* Begin PBXVariantGroup section */
		A7F9F2BB204358E300DE1BE6 /* Main.storyboard */ = {
			isa = PBXVariantGroup;
			children = (
				A7F9F2BC204358E300DE1BE6 /* Base */,
			);
			name = Main.storyboard;
			sourceTree = "<group>";
		};
		A7F9F2C0204358E300DE1BE6 /* LaunchScreen.storyboard */ = {
			isa = PBXVariantGroup;
			children = (
				A7F9F2C1204358E300DE1BE6 /* Base */,
			);
			name = LaunchScreen.storyboard;
			sourceTree = "<group>";
		};
/* End PBXVariantGroup section */

/* Begin XCBuildConfiguration section */
		A7F9F2DA204358E300DE1BE6 /* Debug */ = {
			isa = XCBuildConfiguration;
			buildSettings = {
				ALWAYS_SEARCH_USER_PATHS = NO;
				CLANG_ANALYZER_NONNULL = YES;
				CLANG_ANALYZER_NUMBER_OBJECT_CONVERSION = YES_AGGRESSIVE;
				CLANG_CXX_LANGUAGE_STANDARD = "gnu++14";
				CLANG_CXX_LIBRARY = "libc++";
				CLANG_ENABLE_MODULES = YES;
				CLANG_ENABLE_OBJC_ARC = YES;
				CLANG_WARN_BLOCK_CAPTURE_AUTORELEASING = YES;
				CLANG_WARN_BOOL_CONVERSION = YES;
				CLANG_WARN_COMMA = YES;
				CLANG_WARN_CONSTANT_CONVERSION = YES;
				CLANG_WARN_DIRECT_OBJC_ISA_USAGE = YES_ERROR;
				CLANG_WARN_DOCUMENTATION_COMMENTS = YES;
				CLANG_WARN_EMPTY_BODY = YES;
				CLANG_WARN_ENUM_CONVERSION = YES;
				CLANG_WARN_INFINITE_RECURSION = YES;
				CLANG_WARN_INT_CONVERSION = YES;
				CLANG_WARN_NON_LITERAL_NULL_CONVERSION = YES;
				CLANG_WARN_OBJC_LITERAL_CONVERSION = YES;
				CLANG_WARN_OBJC_ROOT_CLASS = YES_ERROR;
				CLANG_WARN_RANGE_LOOP_ANALYSIS = YES;
				CLANG_WARN_STRICT_PROTOTYPES = YES;
				CLANG_WARN_SUSPICIOUS_MOVE = YES;
				CLANG_WARN_UNGUARDED_AVAILABILITY = YES_AGGRESSIVE;
				CLANG_WARN_UNREACHABLE_CODE = YES;
				CLANG_WARN__DUPLICATE_METHOD_MATCH = YES;
				CODE_SIGN_IDENTITY = "iPhone Developer";
				COPY_PHASE_STRIP = NO;
				DEBUG_INFORMATION_FORMAT = dwarf;
				ENABLE_STRICT_OBJC_MSGSEND = YES;
				ENABLE_TESTABILITY = YES;
				GCC_C_LANGUAGE_STANDARD = gnu11;
				GCC_DYNAMIC_NO_PIC = NO;
				GCC_NO_COMMON_BLOCKS = YES;
				GCC_OPTIMIZATION_LEVEL = 0;
				GCC_PREPROCESSOR_DEFINITIONS = (
					"DEBUG=1",
					"$(inherited)",
				);
				GCC_WARN_64_TO_32_BIT_CONVERSION = YES;
				GCC_WARN_ABOUT_RETURN_TYPE = YES_ERROR;
				GCC_WARN_UNDECLARED_SELECTOR = YES;
				GCC_WARN_UNINITIALIZED_AUTOS = YES_AGGRESSIVE;
				GCC_WARN_UNUSED_FUNCTION = YES;
				GCC_WARN_UNUSED_VARIABLE = YES;
				IPHONEOS_DEPLOYMENT_TARGET = 11.2;
				MTL_ENABLE_DEBUG_INFO = YES;
				ONLY_ACTIVE_ARCH = YES;
				SDKROOT = iphoneos;
				SWIFT_ACTIVE_COMPILATION_CONDITIONS = DEBUG;
				SWIFT_OPTIMIZATION_LEVEL = "-Onone";
			};
			name = Debug;
		};
		A7F9F2DB204358E300DE1BE6 /* Release */ = {
			isa = XCBuildConfiguration;
			buildSettings = {
				ALWAYS_SEARCH_USER_PATHS = NO;
				CLANG_ANALYZER_NONNULL = YES;
				CLANG_ANALYZER_NUMBER_OBJECT_CONVERSION = YES_AGGRESSIVE;
				CLANG_CXX_LANGUAGE_STANDARD = "gnu++14";
				CLANG_CXX_LIBRARY = "libc++";
				CLANG_ENABLE_MODULES = YES;
				CLANG_ENABLE_OBJC_ARC = YES;
				CLANG_WARN_BLOCK_CAPTURE_AUTORELEASING = YES;
				CLANG_WARN_BOOL_CONVERSION = YES;
				CLANG_WARN_COMMA = YES;
				CLANG_WARN_CONSTANT_CONVERSION = YES;
				CLANG_WARN_DIRECT_OBJC_ISA_USAGE = YES_ERROR;
				CLANG_WARN_DOCUMENTATION_COMMENTS = YES;
				CLANG_WARN_EMPTY_BODY = YES;
				CLANG_WARN_ENUM_CONVERSION = YES;
				CLANG_WARN_INFINITE_RECURSION = YES;
				CLANG_WARN_INT_CONVERSION = YES;
				CLANG_WARN_NON_LITERAL_NULL_CONVERSION = YES;
				CLANG_WARN_OBJC_LITERAL_CONVERSION = YES;
				CLANG_WARN_OBJC_ROOT_CLASS = YES_ERROR;
				CLANG_WARN_RANGE_LOOP_ANALYSIS = YES;
				CLANG_WARN_STRICT_PROTOTYPES = YES;
				CLANG_WARN_SUSPICIOUS_MOVE = YES;
				CLANG_WARN_UNGUARDED_AVAILABILITY = YES_AGGRESSIVE;
				CLANG_WARN_UNREACHABLE_CODE = YES;
				CLANG_WARN__DUPLICATE_METHOD_MATCH = YES;
				CODE_SIGN_IDENTITY = "iPhone Developer";
				COPY_PHASE_STRIP = NO;
				DEBUG_INFORMATION_FORMAT = "dwarf-with-dsym";
				ENABLE_NS_ASSERTIONS = NO;
				ENABLE_STRICT_OBJC_MSGSEND = YES;
				GCC_C_LANGUAGE_STANDARD = gnu11;
				GCC_NO_COMMON_BLOCKS = YES;
				GCC_WARN_64_TO_32_BIT_CONVERSION = YES;
				GCC_WARN_ABOUT_RETURN_TYPE = YES_ERROR;
				GCC_WARN_UNDECLARED_SELECTOR = YES;
				GCC_WARN_UNINITIALIZED_AUTOS = YES_AGGRESSIVE;
				GCC_WARN_UNUSED_FUNCTION = YES;
				GCC_WARN_UNUSED_VARIABLE = YES;
				IPHONEOS_DEPLOYMENT_TARGET = 11.2;
				MTL_ENABLE_DEBUG_INFO = NO;
				SDKROOT = iphoneos;
				SWIFT_OPTIMIZATION_LEVEL = "-Owholemodule";
				VALIDATE_PRODUCT = YES;
			};
			name = Release;
		};
		A7F9F2DD204358E300DE1BE6 /* Debug */ = {
			isa = XCBuildConfiguration;
			buildSettings = {
				ASSETCATALOG_COMPILER_APPICON_NAME = AppIcon;
				CODE_SIGN_STYLE = Automatic;
				INFOPLIST_FILE = Pickers/Info.plist;
				LD_RUNPATH_SEARCH_PATHS = "$(inherited) @executable_path/Frameworks";
				PRODUCT_BUNDLE_IDENTIFIER = com.BKG.Pickers;
				PRODUCT_NAME = "$(TARGET_NAME)";
				SWIFT_VERSION = 4.0;
				TARGETED_DEVICE_FAMILY = "1,2";
			};
			name = Debug;
		};
		A7F9F2DE204358E300DE1BE6 /* Release */ = {
			isa = XCBuildConfiguration;
			buildSettings = {
				ASSETCATALOG_COMPILER_APPICON_NAME = AppIcon;
				CODE_SIGN_STYLE = Automatic;
				INFOPLIST_FILE = Pickers/Info.plist;
				LD_RUNPATH_SEARCH_PATHS = "$(inherited) @executable_path/Frameworks";
				PRODUCT_BUNDLE_IDENTIFIER = com.BKG.Pickers;
				PRODUCT_NAME = "$(TARGET_NAME)";
				SWIFT_VERSION = 4.0;
				TARGETED_DEVICE_FAMILY = "1,2";
			};
			name = Release;
		};
		A7F9F2E0204358E300DE1BE6 /* Debug */ = {
			isa = XCBuildConfiguration;
			buildSettings = {
				ALWAYS_EMBED_SWIFT_STANDARD_LIBRARIES = YES;
				BUNDLE_LOADER = "$(TEST_HOST)";
				CODE_SIGN_STYLE = Automatic;
				INFOPLIST_FILE = PickersTests/Info.plist;
				LD_RUNPATH_SEARCH_PATHS = "$(inherited) @executable_path/Frameworks @loader_path/Frameworks";
				PRODUCT_BUNDLE_IDENTIFIER = com.BKG.PickersTests;
				PRODUCT_NAME = "$(TARGET_NAME)";
				SWIFT_VERSION = 4.0;
				TARGETED_DEVICE_FAMILY = "1,2";
				TEST_HOST = "$(BUILT_PRODUCTS_DIR)/Pickers.app/Pickers";
			};
			name = Debug;
		};
		A7F9F2E1204358E300DE1BE6 /* Release */ = {
			isa = XCBuildConfiguration;
			buildSettings = {
				ALWAYS_EMBED_SWIFT_STANDARD_LIBRARIES = YES;
				BUNDLE_LOADER = "$(TEST_HOST)";
				CODE_SIGN_STYLE = Automatic;
				INFOPLIST_FILE = PickersTests/Info.plist;
				LD_RUNPATH_SEARCH_PATHS = "$(inherited) @executable_path/Frameworks @loader_path/Frameworks";
				PRODUCT_BUNDLE_IDENTIFIER = com.BKG.PickersTests;
				PRODUCT_NAME = "$(TARGET_NAME)";
				SWIFT_VERSION = 4.0;
				TARGETED_DEVICE_FAMILY = "1,2";
				TEST_HOST = "$(BUILT_PRODUCTS_DIR)/Pickers.app/Pickers";
			};
			name = Release;
		};
		A7F9F2E3204358E300DE1BE6 /* Debug */ = {
			isa = XCBuildConfiguration;
			buildSettings = {
				ALWAYS_EMBED_SWIFT_STANDARD_LIBRARIES = YES;
				CODE_SIGN_STYLE = Automatic;
				INFOPLIST_FILE = PickersUITests/Info.plist;
				LD_RUNPATH_SEARCH_PATHS = "$(inherited) @executable_path/Frameworks @loader_path/Frameworks";
				PRODUCT_BUNDLE_IDENTIFIER = com.BKG.PickersUITests;
				PRODUCT_NAME = "$(TARGET_NAME)";
				SWIFT_VERSION = 4.0;
				TARGETED_DEVICE_FAMILY = "1,2";
				TEST_TARGET_NAME = Pickers;
			};
			name = Debug;
		};
		A7F9F2E4204358E300DE1BE6 /* Release */ = {
			isa = XCBuildConfiguration;
			buildSettings = {
				ALWAYS_EMBED_SWIFT_STANDARD_LIBRARIES = YES;
				CODE_SIGN_STYLE = Automatic;
				INFOPLIST_FILE = PickersUITests/Info.plist;
				LD_RUNPATH_SEARCH_PATHS = "$(inherited) @executable_path/Frameworks @loader_path/Frameworks";
				PRODUCT_BUNDLE_IDENTIFIER = com.BKG.PickersUITests;
				PRODUCT_NAME = "$(TARGET_NAME)";
				SWIFT_VERSION = 4.0;
				TARGETED_DEVICE_FAMILY = "1,2";
				TEST_TARGET_NAME = Pickers;
			};
			name = Release;
		};
/* End XCBuildConfiguration section */

/* Begin XCConfigurationList section */
		A7F9F2AF204358E300DE1BE6 /* Build configuration list for PBXProject "Pickers" */ = {
			isa = XCConfigurationList;
			buildConfigurations = (
				A7F9F2DA204358E300DE1BE6 /* Debug */,
				A7F9F2DB204358E300DE1BE6 /* Release */,
			);
			defaultConfigurationIsVisible = 0;
			defaultConfigurationName = Release;
		};
		A7F9F2DC204358E300DE1BE6 /* Build configuration list for PBXNativeTarget "Pickers" */ = {
			isa = XCConfigurationList;
			buildConfigurations = (
				A7F9F2DD204358E300DE1BE6 /* Debug */,
				A7F9F2DE204358E300DE1BE6 /* Release */,
			);
			defaultConfigurationIsVisible = 0;
			defaultConfigurationName = Release;
		};
		A7F9F2DF204358E300DE1BE6 /* Build configuration list for PBXNativeTarget "PickersTests" */ = {
			isa = XCConfigurationList;
			buildConfigurations = (
				A7F9F2E0204358E300DE1BE6 /* Debug */,
				A7F9F2E1204358E300DE1BE6 /* Release */,
			);
			defaultConfigurationIsVisible = 0;
			defaultConfigurationName = Release;
		};
		A7F9F2E2204358E300DE1BE6 /* Build configuration list for PBXNativeTarget "PickersUITests" */ = {
			isa = XCConfigurationList;
			buildConfigurations = (
				A7F9F2E3204358E300DE1BE6 /* Debug */,
				A7F9F2E4204358E300DE1BE6 /* Release */,
			);
			defaultConfigurationIsVisible = 0;
			defaultConfigurationName = Release;
		};
/* End XCConfigurationList section */
	};
	rootObject = A7F9F2AC204358E300DE1BE6 /* Project object */;
}
